
Microsoft Visual Studio Solution File, Format Version 12.00
# Visual Studio Express 15 for Windows Desktop
VisualStudioVersion = 15.0.34320.172
MinimumVisualStudioVersion = 10.0.40219.1
Project("{8BC9CEB8-8B4A-11D0-8D11-00A0C91BC942}") = "uva-725", "uva-725\uva-725.vcxproj", "{F32DB3CA-247E-486C-9E46-D0D63446B6C6}"
EndProject
Project("{8BC9CEB8-8B4A-11D0-8D11-00A0C91BC942}") = "ALDS1_5_A", "ALDS1_5_A\ALDS1_5_A.vcxproj", "{2A787BFE-0014-4EC4-A793-996CBF8E8F53}"
EndProject
Project("{8BC9CEB8-8B4A-11D0-8D11-00A0C91BC942}") = "ALDS1_5_C", "ALDS1_5_C\ALDS1_5_C.vcxproj", "{27603C39-98FA-4325-BFEC-D044972C6F0C}"
EndProject
Global
	GlobalSection(SolutionConfigurationPlatforms) = preSolution
		Debug|Win32 = Debug|Win32
		Debug|x64 = Debug|x64
		Release|Win32 = Release|Win32
		Release|x64 = Release|x64
	EndGlobalSection
	GlobalSection(ProjectConfigurationPlatforms) = postSolution
		{F32DB3CA-247E-486C-9E46-D0D63446B6C6}.Debug|Win32.ActiveCfg = Debug|Win32
		{F32DB3CA-247E-486C-9E46-D0D63446B6C6}.Debug|Win32.Build.0 = Debug|Win32
		{F32DB3CA-247E-486C-9E46-D0D63446B6C6}.Debug|x64.ActiveCfg = Debug|Win32
		{F32DB3CA-247E-486C-9E46-D0D63446B6C6}.Release|Win32.ActiveCfg = Release|Win32
		{F32DB3CA-247E-486C-9E46-D0D63446B6C6}.Release|Win32.Build.0 = Release|Win32
		{F32DB3CA-247E-486C-9E46-D0D63446B6C6}.Release|x64.ActiveCfg = Release|Win32
		{2A787BFE-0014-4EC4-A793-996CBF8E8F53}.Debug|Win32.ActiveCfg = Debug|Win32
		{2A787BFE-0014-4EC4-A793-996CBF8E8F53}.Debug|Win32.Build.0 = Debug|Win32
		{2A787BFE-0014-4EC4-A793-996CBF8E8F53}.Debug|x64.ActiveCfg = Debug|x64
		{2A787BFE-0014-4EC4-A793-996CBF8E8F53}.Debug|x64.Build.0 = Debug|x64
		{2A787BFE-0014-4EC4-A793-996CBF8E8F53}.Release|Win32.ActiveCfg = Release|Win32
		{2A787BFE-0014-4EC4-A793-996CBF8E8F53}.Release|Win32.Build.0 = Release|Win32
		{2A787BFE-0014-4EC4-A793-996CBF8E8F53}.Release|x64.ActiveCfg = Release|x64
		{2A787BFE-0014-4EC4-A793-996CBF8E8F53}.Release|x64.Build.0 = Release|x64
		{27603C39-98FA-4325-BFEC-D044972C6F0C}.Debug|Win32.ActiveCfg = Debug|Win32
		{27603C39-98FA-4325-BFEC-D044972C6F0C}.Debug|Win32.Build.0 = Debug|Win32
		{27603C39-98FA-4325-BFEC-D044972C6F0C}.Debug|x64.ActiveCfg = Debug|x64
		{27603C39-98FA-4325-BFEC-D044972C6F0C}.Debug|x64.Build.0 = Debug|x64
		{27603C39-98FA-4325-BFEC-D044972C6F0C}.Release|Win32.ActiveCfg = Release|Win32
		{27603C39-98FA-4325-BFEC-D044972C6F0C}.Release|Win32.Build.0 = Release|Win32
		{27603C39-98FA-4325-BFEC-D044972C6F0C}.Release|x64.ActiveCfg = Release|x64
		{27603C39-98FA-4325-BFEC-D044972C6F0C}.Release|x64.Build.0 = Release|x64
	EndGlobalSection
	GlobalSection(SolutionProperties) = preSolution
		HideSolutionNode = FALSE
	EndGlobalSection
	GlobalSection(ExtensibilityGlobals) = postSolution
		SolutionGuid = {C10D86C2-E184-4270-B22F-2791AF6C5EB8}
	EndGlobalSection
EndGlobal
